
Microsoft Visual Studio Solution File, Format Version 12.00
# Visual Studio Version 16
VisualStudioVersion = 16.0.30717.126
MinimumVisualStudioVersion = 10.0.40219.1
Project("{9A19103F-16F7-4668-BE54-9A1E7A4F7556}") = "RawDiskCopier", "RawDiskCopier\RawDiskCopier.csproj", "{3D440C05-557B-4CAC-920D-1D11551FD8CD}"
EndProject
Global
	GlobalSection(SolutionConfigurationPlatforms) = preSolution
		Debug|Any CPU = Debug|Any CPU
		Release|Any CPU = Release|Any CPU
	EndGlobalSection
	GlobalSection(ProjectConfigurationPlatforms) = postSolution
		{3D440C05-557B-4CAC-920D-1D11551FD8CD}.Debug|Any CPU.ActiveCfg = Debug|Any CPU
		{3D440C05-557B-4CAC-920D-1D11551FD8CD}.Debug|Any CPU.Build.0 = Debug|Any CPU
		{3D440C05-557B-4CAC-920D-1D11551FD8CD}.Release|Any CPU.ActiveCfg = Release|Any CPU
		{3D440C05-557B-4CAC-920D-1D11551FD8CD}.Release|Any CPU.Build.0 = Release|Any CPU
	EndGlobalSection
	GlobalSection(SolutionProperties) = preSolution
		HideSolutionNode = FALSE
	EndGlobalSection
	GlobalSection(ExtensibilityGlobals) = postSolution
		SolutionGuid = {1772F2B5-48D9-467D-B4B9-1B8944375D9C}
	EndGlobalSection
EndGlobal
